
Microsoft Visual Studio Solution File, Format Version 12.00
# Visual Studio Version 16
VisualStudioVersion = 16.0.34729.46
MinimumVisualStudioVersion = 10.0.40219.1
Project("{FAE04EC0-301F-11D3-BF4B-00C04F79EFBC}") = "IT123P - MP", "IT123P - MP.csproj", "{980A3EFD-4E01-45FD-BF98-DF2AB5964052}"
EndProject
Global
	GlobalSection(SolutionConfigurationPlatforms) = preSolution
		Debug|Any CPU = Debug|Any CPU
		Release|Any CPU = Release|Any CPU
	EndGlobalSection
	GlobalSection(ProjectConfigurationPlatforms) = postSolution
		{980A3EFD-4E01-45FD-BF98-DF2AB5964052}.Debug|Any CPU.ActiveCfg = Debug|Any CPU
		{980A3EFD-4E01-45FD-BF98-DF2AB5964052}.Debug|Any CPU.Build.0 = Debug|Any CPU
		{980A3EFD-4E01-45FD-BF98-DF2AB5964052}.Debug|Any CPU.Deploy.0 = Debug|Any CPU
		{980A3EFD-4E01-45FD-BF98-DF2AB5964052}.Release|Any CPU.ActiveCfg = Release|Any CPU
		{980A3EFD-4E01-45FD-BF98-DF2AB5964052}.Release|Any CPU.Build.0 = Release|Any CPU
		{980A3EFD-4E01-45FD-BF98-DF2AB5964052}.Release|Any CPU.Deploy.0 = Release|Any CPU
	EndGlobalSection
	GlobalSection(SolutionProperties) = preSolution
		HideSolutionNode = FALSE
	EndGlobalSection
	GlobalSection(ExtensibilityGlobals) = postSolution
		SolutionGuid = {CDB0AD77-D887-4575-B108-C9B2E9BA99ED}
	EndGlobalSection
EndGlobal
